
Microsoft Visual Studio Solution File, Format Version 12.00
# Visual Studio Version 16
VisualStudioVersion = 16.0.30204.135
MinimumVisualStudioVersion = 10.0.40219.1
Project("{9A19103F-16F7-4668-BE54-9A1E7A4F7556}") = "ei8.identity", "ei8.identity\ei8.identity.csproj", "{EA8949E0-B133-420B-B57C-B01301223623}"
EndProject
Project("{E53339B2-1760-4266-BCC7-CA923CBCF16C}") = "docker-compose", "docker-compose.dcproj", "{8B6DED56-1C31-483A-B480-6A2F15671017}"
EndProject
Global
	GlobalSection(SolutionConfigurationPlatforms) = preSolution
		Debug|Any CPU = Debug|Any CPU
		Release|Any CPU = Release|Any CPU
	EndGlobalSection
	GlobalSection(ProjectConfigurationPlatforms) = postSolution
		{EA8949E0-B133-420B-B57C-B01301223623}.Debug|Any CPU.ActiveCfg = Debug|Any CPU
		{EA8949E0-B133-420B-B57C-B01301223623}.Debug|Any CPU.Build.0 = Debug|Any CPU
		{EA8949E0-B133-420B-B57C-B01301223623}.Release|Any CPU.ActiveCfg = Release|Any CPU
		{EA8949E0-B133-420B-B57C-B01301223623}.Release|Any CPU.Build.0 = Release|Any CPU
		{8B6DED56-1C31-483A-B480-6A2F15671017}.Debug|Any CPU.ActiveCfg = Debug|Any CPU
		{8B6DED56-1C31-483A-B480-6A2F15671017}.Debug|Any CPU.Build.0 = Debug|Any CPU
		{8B6DED56-1C31-483A-B480-6A2F15671017}.Release|Any CPU.ActiveCfg = Release|Any CPU
		{8B6DED56-1C31-483A-B480-6A2F15671017}.Release|Any CPU.Build.0 = Release|Any CPU
	EndGlobalSection
	GlobalSection(SolutionProperties) = preSolution
		HideSolutionNode = FALSE
	EndGlobalSection
	GlobalSection(ExtensibilityGlobals) = postSolution
		SolutionGuid = {C21B2BF7-C4C5-449B-9DD9-17B39B2C02AC}
	EndGlobalSection
EndGlobal
